
Microsoft Visual Studio Solution File, Format Version 12.00
# Visual Studio Version 16
VisualStudioVersion = 16.0.29324.140
MinimumVisualStudioVersion = 10.0.40219.1
Project("{8BC9CEB8-8B4A-11D0-8D11-00A0C91BC942}") = "INFR3110 2020 Lesson4", "INFR3110 2020 Lesson4\INFR3110 2020 Lesson4.vcxproj", "{EC2E7EFC-A3C1-4990-A230-96C4C50905D5}"
EndProject
Global
	GlobalSection(SolutionConfigurationPlatforms) = preSolution
		Debug|x64 = Debug|x64
		Debug|x86 = Debug|x86
		Release|x64 = Release|x64
		Release|x86 = Release|x86
	EndGlobalSection
	GlobalSection(ProjectConfigurationPlatforms) = postSolution
		{EC2E7EFC-A3C1-4990-A230-96C4C50905D5}.Debug|x64.ActiveCfg = Debug|x64
		{EC2E7EFC-A3C1-4990-A230-96C4C50905D5}.Debug|x64.Build.0 = Debug|x64
		{EC2E7EFC-A3C1-4990-A230-96C4C50905D5}.Debug|x86.ActiveCfg = Debug|Win32
		{EC2E7EFC-A3C1-4990-A230-96C4C50905D5}.Debug|x86.Build.0 = Debug|Win32
		{EC2E7EFC-A3C1-4990-A230-96C4C50905D5}.Release|x64.ActiveCfg = Release|x64
		{EC2E7EFC-A3C1-4990-A230-96C4C50905D5}.Release|x64.Build.0 = Release|x64
		{EC2E7EFC-A3C1-4990-A230-96C4C50905D5}.Release|x86.ActiveCfg = Release|Win32
		{EC2E7EFC-A3C1-4990-A230-96C4C50905D5}.Release|x86.Build.0 = Release|Win32
	EndGlobalSection
	GlobalSection(SolutionProperties) = preSolution
		HideSolutionNode = FALSE
	EndGlobalSection
	GlobalSection(ExtensibilityGlobals) = postSolution
		SolutionGuid = {1AE9AE25-6C19-4F16-A1EE-F6240B38544A}
	EndGlobalSection
EndGlobal
